PODS:
  - Alamofire (4.3.0)
  - Aldo (0.8.0):
    - Alamofire (~> 4.0)
    - Starscream (~> 2.0.0)
  - Starscream (2.0.2)

DEPENDENCIES:
  - Alamofire (~> 4.0)
  - Aldo (from `../`)
  - Starscream (~> 2.0.0)

EXTERNAL SOURCES:
  Aldo:
    :path: ../

SPEC CHECKSUMS:
  Alamofire: 856a113053a7bc9cbe5d6367a555d773fc5cfef7
  Aldo: 8fd3c03bda72f117f5c471d02868ca2a2f57a1cb
  Starscream: 6c135a34e0a6e60cedaa0b30db67a4c05cf7cd38

PODFILE CHECKSUM: 3b52e247bab4ef8d3fb8a07d2fa1d13287b3cc0f

COCOAPODS: 1.1.1
