PODS:
  - Alamofire (4.3.0)
  - Aldo (0.5.2):
    - Alamofire (~> 4.0)

DEPENDENCIES:
  - Alamofire (~> 4.0)
  - Aldo (from `../`)

EXTERNAL SOURCES:
  Aldo:
    :path: ../

SPEC CHECKSUMS:
  Alamofire: 856a113053a7bc9cbe5d6367a555d773fc5cfef7
  Aldo: 6e9e2007ce4247e2caaa4eb6ef2ee0ea2c3cf378

PODFILE CHECKSUM: eb01127b9cdf649b94c638c53a24861f4c09b250

COCOAPODS: 1.1.1
